
Microsoft Visual Studio Solution File, Format Version 12.00
# Visual Studio 15
VisualStudioVersion = 15.0.28010.2026
MinimumVisualStudioVersion = 10.0.40219.1
Project("{9A19103F-16F7-4668-BE54-9A1E7A4F7556}") = "Services", "Services\Services.csproj", "{7645B822-A4CC-4885-9B93-0F97F97E6B2F}"
EndProject
Project("{9A19103F-16F7-4668-BE54-9A1E7A4F7556}") = "Manager", "Manager\Manager.csproj", "{01296F05-A006-495D-A5AB-1E95F80A535C}"
EndProject
Project("{9A19103F-16F7-4668-BE54-9A1E7A4F7556}") = "DataAccess", "DataAccess\DataAccess.csproj", "{9F619EA9-6ECC-4EBF-8C43-B901AB869461}"
EndProject
Project("{9A19103F-16F7-4668-BE54-9A1E7A4F7556}") = "UnitTesting", "UnitTests\UnitTesting.csproj", "{D749A5E4-820A-4AC0-8395-03C3D58B1E30}"
EndProject
Global
	GlobalSection(SolutionConfigurationPlatforms) = preSolution
		Debug|Any CPU = Debug|Any CPU
		Release|Any CPU = Release|Any CPU
	EndGlobalSection
	GlobalSection(ProjectConfigurationPlatforms) = postSolution
		{7645B822-A4CC-4885-9B93-0F97F97E6B2F}.Debug|Any CPU.ActiveCfg = Debug|Any CPU
		{7645B822-A4CC-4885-9B93-0F97F97E6B2F}.Debug|Any CPU.Build.0 = Debug|Any CPU
		{7645B822-A4CC-4885-9B93-0F97F97E6B2F}.Release|Any CPU.ActiveCfg = Release|Any CPU
		{7645B822-A4CC-4885-9B93-0F97F97E6B2F}.Release|Any CPU.Build.0 = Release|Any CPU
		{01296F05-A006-495D-A5AB-1E95F80A535C}.Debug|Any CPU.ActiveCfg = Debug|Any CPU
		{01296F05-A006-495D-A5AB-1E95F80A535C}.Debug|Any CPU.Build.0 = Debug|Any CPU
		{01296F05-A006-495D-A5AB-1E95F80A535C}.Release|Any CPU.ActiveCfg = Release|Any CPU
		{01296F05-A006-495D-A5AB-1E95F80A535C}.Release|Any CPU.Build.0 = Release|Any CPU
		{9F619EA9-6ECC-4EBF-8C43-B901AB869461}.Debug|Any CPU.ActiveCfg = Debug|Any CPU
		{9F619EA9-6ECC-4EBF-8C43-B901AB869461}.Debug|Any CPU.Build.0 = Debug|Any CPU
		{9F619EA9-6ECC-4EBF-8C43-B901AB869461}.Release|Any CPU.ActiveCfg = Release|Any CPU
		{9F619EA9-6ECC-4EBF-8C43-B901AB869461}.Release|Any CPU.Build.0 = Release|Any CPU
		{D749A5E4-820A-4AC0-8395-03C3D58B1E30}.Debug|Any CPU.ActiveCfg = Debug|Any CPU
		{D749A5E4-820A-4AC0-8395-03C3D58B1E30}.Debug|Any CPU.Build.0 = Debug|Any CPU
		{D749A5E4-820A-4AC0-8395-03C3D58B1E30}.Release|Any CPU.ActiveCfg = Release|Any CPU
		{D749A5E4-820A-4AC0-8395-03C3D58B1E30}.Release|Any CPU.Build.0 = Release|Any CPU
	EndGlobalSection
	GlobalSection(SolutionProperties) = preSolution
		HideSolutionNode = FALSE
	EndGlobalSection
	GlobalSection(ExtensibilityGlobals) = postSolution
		SolutionGuid = {6C51C16F-BD6A-4214-BE31-FA06B8E1D0FD}
	EndGlobalSection
EndGlobal
